
Microsoft Visual Studio Solution File, Format Version 12.00
# Visual Studio Version 16
VisualStudioVersion = 16.0.31205.134
MinimumVisualStudioVersion = 10.0.40219.1
Project("{FAE04EC0-301F-11D3-BF4B-00C04F79EFBC}") = "TestProjectToGitHub", "TestProjectToGitHub.csproj", "{579E5C67-9A21-489A-925E-7E801760ABB9}"
EndProject
Global
	GlobalSection(SolutionConfigurationPlatforms) = preSolution
		Debug|Any CPU = Debug|Any CPU
		Release|Any CPU = Release|Any CPU
	EndGlobalSection
	GlobalSection(ProjectConfigurationPlatforms) = postSolution
		{579E5C67-9A21-489A-925E-7E801760ABB9}.Debug|Any CPU.ActiveCfg = Debug|Any CPU
		{579E5C67-9A21-489A-925E-7E801760ABB9}.Debug|Any CPU.Build.0 = Debug|Any CPU
		{579E5C67-9A21-489A-925E-7E801760ABB9}.Release|Any CPU.ActiveCfg = Release|Any CPU
		{579E5C67-9A21-489A-925E-7E801760ABB9}.Release|Any CPU.Build.0 = Release|Any CPU
	EndGlobalSection
	GlobalSection(SolutionProperties) = preSolution
		HideSolutionNode = FALSE
	EndGlobalSection
	GlobalSection(ExtensibilityGlobals) = postSolution
		SolutionGuid = {CD3A6B67-5169-4CC5-866E-F256E8D67EC4}
	EndGlobalSection
EndGlobal
